
Microsoft Visual Studio Solution File, Format Version 12.00
# Visual Studio Version 17
VisualStudioVersion = 17.0.31912.275
MinimumVisualStudioVersion = 10.0.40219.1
Project("{FAE04EC0-301F-11D3-BF4B-00C04F79EFBC}") = "Launcher", "Launcher\Launcher.csproj", "{400C75C5-107A-43FC-AD36-FF5180047844}"
EndProject
Project("{2150E333-8FDC-42A3-9474-1A3956D46DE8}") = "Solution Items", "Solution Items", "{723E823F-D238-41A6-8251-44BC0A7576C7}"
	ProjectSection(SolutionItems) = preProject
		.editorconfig = .editorconfig
	EndProjectSection
EndProject
Project("{9A19103F-16F7-4668-BE54-9A1E7A4F7556}") = "HMLCore", "HMLCore\HMLCore.csproj", "{B5B3A1B1-9E25-4E28-A53C-046A8EB1D599}"
EndProject
Project("{2150E333-8FDC-42A3-9474-1A3956D46DE8}") = "BepInEx", "BepInEx", "{DAA08264-8FB9-4F4B-AD95-EE05FBB197F9}"
EndProject
Project("{9A19103F-16F7-4668-BE54-9A1E7A4F7556}") = "BepInEx.Core", "BepInEx\BepInEx.Core\BepInEx.Core.csproj", "{5BF87A13-B110-4EA1-AA64-8E36E39FA373}"
EndProject
Project("{9A19103F-16F7-4668-BE54-9A1E7A4F7556}") = "BepInEx.Preloader.Core", "BepInEx\BepInEx.Preloader.Core\BepInEx.Preloader.Core.csproj", "{4840F40D-6CC8-4CA6-B03C-BC5D3380BE4B}"
EndProject
Project("{2150E333-8FDC-42A3-9474-1A3956D46DE8}") = "Supported Games", "Supported Games", "{F536FF00-4E2C-4F00-9C83-6F9101F7CA49}"
EndProject
Project("{2150E333-8FDC-42A3-9474-1A3956D46DE8}") = "Raft", "Raft", "{00DE14FF-9042-4522-A588-C1CFFE92F0AC}"
EndProject
Project("{FAE04EC0-301F-11D3-BF4B-00C04F79EFBC}") = "MLCore Raft", "Supported Games\Raft\Raft_Coremod\MLCore Raft.csproj", "{A338EB23-4227-47B0-B29F-C45A7A7DAE26}"
EndProject
Project("{FAE04EC0-301F-11D3-BF4B-00C04F79EFBC}") = "AssemblyLoader", "Supported Games\AssemblyLoader\AssemblyLoader.csproj", "{83B26FBA-F4D0-4EAC-AFB8-6B5C51DF3CD1}"
EndProject
Project("{9A19103F-16F7-4668-BE54-9A1E7A4F7556}") = "HCompiler", "HCompiler\HCompiler.csproj", "{21250096-9EE1-4CDE-9EA4-C25AE2BFF345}"
EndProject
Global
	GlobalSection(SolutionConfigurationPlatforms) = preSolution
		BUILD|Any CPU = BUILD|Any CPU
		GREENHELL|Any CPU = GREENHELL|Any CPU
		RAFT|Any CPU = RAFT|Any CPU
		SOTF|Any CPU = SOTF|Any CPU
	EndGlobalSection
	GlobalSection(ProjectConfigurationPlatforms) = postSolution
		{400C75C5-107A-43FC-AD36-FF5180047844}.BUILD|Any CPU.ActiveCfg = BUILD|Any CPU
		{400C75C5-107A-43FC-AD36-FF5180047844}.BUILD|Any CPU.Build.0 = BUILD|Any CPU
		{400C75C5-107A-43FC-AD36-FF5180047844}.GREENHELL|Any CPU.ActiveCfg = BUILD|Any CPU
		{400C75C5-107A-43FC-AD36-FF5180047844}.GREENHELL|Any CPU.Build.0 = BUILD|Any CPU
		{400C75C5-107A-43FC-AD36-FF5180047844}.RAFT|Any CPU.ActiveCfg = BUILD|Any CPU
		{400C75C5-107A-43FC-AD36-FF5180047844}.RAFT|Any CPU.Build.0 = BUILD|Any CPU
		{400C75C5-107A-43FC-AD36-FF5180047844}.SOTF|Any CPU.ActiveCfg = BUILD|Any CPU
		{400C75C5-107A-43FC-AD36-FF5180047844}.SOTF|Any CPU.Build.0 = BUILD|Any CPU
		{B5B3A1B1-9E25-4E28-A53C-046A8EB1D599}.BUILD|Any CPU.ActiveCfg = SOTF|Any CPU
		{B5B3A1B1-9E25-4E28-A53C-046A8EB1D599}.GREENHELL|Any CPU.ActiveCfg = SOTF|Any CPU
		{B5B3A1B1-9E25-4E28-A53C-046A8EB1D599}.RAFT|Any CPU.ActiveCfg = SOTF|Any CPU
		{B5B3A1B1-9E25-4E28-A53C-046A8EB1D599}.SOTF|Any CPU.ActiveCfg = SOTF|Any CPU
		{B5B3A1B1-9E25-4E28-A53C-046A8EB1D599}.SOTF|Any CPU.Build.0 = SOTF|Any CPU
		{5BF87A13-B110-4EA1-AA64-8E36E39FA373}.BUILD|Any CPU.ActiveCfg = SOTF|Any CPU
		{5BF87A13-B110-4EA1-AA64-8E36E39FA373}.GREENHELL|Any CPU.ActiveCfg = SOTF|Any CPU
		{5BF87A13-B110-4EA1-AA64-8E36E39FA373}.RAFT|Any CPU.ActiveCfg = SOTF|Any CPU
		{5BF87A13-B110-4EA1-AA64-8E36E39FA373}.SOTF|Any CPU.ActiveCfg = SOTF|Any CPU
		{5BF87A13-B110-4EA1-AA64-8E36E39FA373}.SOTF|Any CPU.Build.0 = SOTF|Any CPU
		{4840F40D-6CC8-4CA6-B03C-BC5D3380BE4B}.BUILD|Any CPU.ActiveCfg = SOTF|Any CPU
		{4840F40D-6CC8-4CA6-B03C-BC5D3380BE4B}.GREENHELL|Any CPU.ActiveCfg = SOTF|Any CPU
		{4840F40D-6CC8-4CA6-B03C-BC5D3380BE4B}.RAFT|Any CPU.ActiveCfg = SOTF|Any CPU
		{4840F40D-6CC8-4CA6-B03C-BC5D3380BE4B}.SOTF|Any CPU.ActiveCfg = SOTF|Any CPU
		{4840F40D-6CC8-4CA6-B03C-BC5D3380BE4B}.SOTF|Any CPU.Build.0 = SOTF|Any CPU
		{A338EB23-4227-47B0-B29F-C45A7A7DAE26}.BUILD|Any CPU.ActiveCfg = RAFT|x86
		{A338EB23-4227-47B0-B29F-C45A7A7DAE26}.GREENHELL|Any CPU.ActiveCfg = RAFT|x86
		{A338EB23-4227-47B0-B29F-C45A7A7DAE26}.RAFT|Any CPU.ActiveCfg = RAFT|x86
		{A338EB23-4227-47B0-B29F-C45A7A7DAE26}.RAFT|Any CPU.Build.0 = RAFT|x86
		{A338EB23-4227-47B0-B29F-C45A7A7DAE26}.SOTF|Any CPU.ActiveCfg = RAFT|x86
		{A338EB23-4227-47B0-B29F-C45A7A7DAE26}.SOTF|Any CPU.Build.0 = RAFT|x86
		{83B26FBA-F4D0-4EAC-AFB8-6B5C51DF3CD1}.BUILD|Any CPU.ActiveCfg = RAFT|Any CPU
		{83B26FBA-F4D0-4EAC-AFB8-6B5C51DF3CD1}.GREENHELL|Any CPU.ActiveCfg = GREENHELL|Any CPU
		{83B26FBA-F4D0-4EAC-AFB8-6B5C51DF3CD1}.GREENHELL|Any CPU.Build.0 = GREENHELL|Any CPU
		{83B26FBA-F4D0-4EAC-AFB8-6B5C51DF3CD1}.RAFT|Any CPU.ActiveCfg = RAFT|Any CPU
		{83B26FBA-F4D0-4EAC-AFB8-6B5C51DF3CD1}.RAFT|Any CPU.Build.0 = RAFT|Any CPU
		{83B26FBA-F4D0-4EAC-AFB8-6B5C51DF3CD1}.SOTF|Any CPU.ActiveCfg = RAFT|Any CPU
		{83B26FBA-F4D0-4EAC-AFB8-6B5C51DF3CD1}.SOTF|Any CPU.Build.0 = RAFT|Any CPU
		{21250096-9EE1-4CDE-9EA4-C25AE2BFF345}.BUILD|Any CPU.ActiveCfg = SOTF|Any CPU
		{21250096-9EE1-4CDE-9EA4-C25AE2BFF345}.BUILD|Any CPU.Build.0 = SOTF|Any CPU
		{21250096-9EE1-4CDE-9EA4-C25AE2BFF345}.GREENHELL|Any CPU.ActiveCfg = GREENHELL|Any CPU
		{21250096-9EE1-4CDE-9EA4-C25AE2BFF345}.GREENHELL|Any CPU.Build.0 = GREENHELL|Any CPU
		{21250096-9EE1-4CDE-9EA4-C25AE2BFF345}.RAFT|Any CPU.ActiveCfg = RAFT|Any CPU
		{21250096-9EE1-4CDE-9EA4-C25AE2BFF345}.RAFT|Any CPU.Build.0 = RAFT|Any CPU
		{21250096-9EE1-4CDE-9EA4-C25AE2BFF345}.SOTF|Any CPU.ActiveCfg = SOTF|Any CPU
		{21250096-9EE1-4CDE-9EA4-C25AE2BFF345}.SOTF|Any CPU.Build.0 = SOTF|Any CPU
	EndGlobalSection
	GlobalSection(SolutionProperties) = preSolution
		HideSolutionNode = FALSE
	EndGlobalSection
	GlobalSection(NestedProjects) = preSolution
		{5BF87A13-B110-4EA1-AA64-8E36E39FA373} = {DAA08264-8FB9-4F4B-AD95-EE05FBB197F9}
		{4840F40D-6CC8-4CA6-B03C-BC5D3380BE4B} = {DAA08264-8FB9-4F4B-AD95-EE05FBB197F9}
		{00DE14FF-9042-4522-A588-C1CFFE92F0AC} = {F536FF00-4E2C-4F00-9C83-6F9101F7CA49}
		{A338EB23-4227-47B0-B29F-C45A7A7DAE26} = {00DE14FF-9042-4522-A588-C1CFFE92F0AC}
		{83B26FBA-F4D0-4EAC-AFB8-6B5C51DF3CD1} = {F536FF00-4E2C-4F00-9C83-6F9101F7CA49}
	EndGlobalSection
	GlobalSection(ExtensibilityGlobals) = postSolution
		SolutionGuid = {8033AC22-08BB-4733-835E-B7B0625D49E9}
	EndGlobalSection
EndGlobal
